// !$*UTF8*$!
{
	archiveVersion = 1;
	classes = {
	};
	objectVersion = 56;
	objects = {

/* Begin PBXBuildFile section */
		CF0C9FB52BB592E400AFE45E /* Goalie_StatisticsApp.swift in Sources */ = {isa = PBXBuildFile; fileRef = CF0C9FB42BB592E400AFE45E /* Goalie_StatisticsApp.swift */; };
		CF0C9FB72BB592E400AFE45E /* GoalieListView.swift in Sources */ = {isa = PBXBuildFile; fileRef = CF0C9FB62BB592E400AFE45E /* GoalieListView.swift */; };
		CF0C9FB92BB592E500AFE45E /* Assets.xcassets in Resources */ = {isa = PBXBuildFile; fileRef = CF0C9FB82BB592E500AFE45E /* Assets.xcassets */; };
		CF0C9FBC2BB592E500AFE45E /* Preview Assets.xcassets in Resources */ = {isa = PBXBuildFile; fileRef = CF0C9FBB2BB592E500AFE45E /* Preview Assets.xcassets */; };
		CF0C9FC42BB5938B00AFE45E /* Goalie.swift in Sources */ = {isa = PBXBuildFile; fileRef = CF0C9FC32BB5938B00AFE45E /* Goalie.swift */; };
		CF0C9FC62BB594EE00AFE45E /* GoalieUpdate.swift in Sources */ = {isa = PBXBuildFile; fileRef = CF0C9FC52BB594EE00AFE45E /* GoalieUpdate.swift */; };
		CF0C9FC92BB6245900AFE45E /* FontHelper.swift in Sources */ = {isa = PBXBuildFile; fileRef = CF0C9FC82BB6245900AFE45E /* FontHelper.swift */; };
		CF0C9FCB2BB774BF00AFE45E /* StatBubbleView.swift in Sources */ = {isa = PBXBuildFile; fileRef = CF0C9FCA2BB774BF00AFE45E /* StatBubbleView.swift */; };
		CF0C9FCF2BB7795C00AFE45E /* GoalieCardView.swift in Sources */ = {isa = PBXBuildFile; fileRef = CF0C9FCE2BB7795C00AFE45E /* GoalieCardView.swift */; };
		CF0C9FD12BB846CF00AFE45E /* AddGoalieView.swift in Sources */ = {isa = PBXBuildFile; fileRef = CF0C9FD02BB846CF00AFE45E /* AddGoalieView.swift */; };
		CF0C9FD62BB9E8D300AFE45E /* GameDetailView.swift in Sources */ = {isa = PBXBuildFile; fileRef = CF0C9FD52BB9E8D300AFE45E /* GameDetailView.swift */; };
/* End PBXBuildFile section */

/* Begin PBXFileReference section */
		CF0C9FB12BB592E400AFE45E /* Goalie Statistics.app */ = {isa = PBXFileReference; explicitFileType = wrapper.application; includeInIndex = 0; path = "Goalie Statistics.app"; sourceTree = BUILT_PRODUCTS_DIR; };
		CF0C9FB42BB592E400AFE45E /* Goalie_StatisticsApp.swift */ = {isa = PBXFileReference; lastKnownFileType = sourcecode.swift; path = Goalie_StatisticsApp.swift; sourceTree = "<group>"; };
		CF0C9FB62BB592E400AFE45E /* GoalieListView.swift */ = {isa = PBXFileReference; lastKnownFileType = sourcecode.swift; path = GoalieListView.swift; sourceTree = "<group>"; };
		CF0C9FB82BB592E500AFE45E /* Assets.xcassets */ = {isa = PBXFileReference; lastKnownFileType = folder.assetcatalog; path = Assets.xcassets; sourceTree = "<group>"; };
		CF0C9FBB2BB592E500AFE45E /* Preview Assets.xcassets */ = {isa = PBXFileReference; lastKnownFileType = folder.assetcatalog; path = "Preview Assets.xcassets"; sourceTree = "<group>"; };
		CF0C9FC32BB5938B00AFE45E /* Goalie.swift */ = {isa = PBXFileReference; lastKnownFileType = sourcecode.swift; path = Goalie.swift; sourceTree = "<group>"; };
		CF0C9FC52BB594EE00AFE45E /* GoalieUpdate.swift */ = {isa = PBXFileReference; lastKnownFileType = sourcecode.swift; path = GoalieUpdate.swift; sourceTree = "<group>"; };
		CF0C9FC82BB6245900AFE45E /* FontHelper.swift */ = {isa = PBXFileReference; lastKnownFileType = sourcecode.swift; path = FontHelper.swift; sourceTree = "<group>"; };
		CF0C9FCA2BB774BF00AFE45E /* StatBubbleView.swift */ = {isa = PBXFileReference; lastKnownFileType = sourcecode.swift; path = StatBubbleView.swift; sourceTree = "<group>"; };
		CF0C9FCE2BB7795C00AFE45E /* GoalieCardView.swift */ = {isa = PBXFileReference; lastKnownFileType = sourcecode.swift; path = GoalieCardView.swift; sourceTree = "<group>"; };
		CF0C9FD02BB846CF00AFE45E /* AddGoalieView.swift */ = {isa = PBXFileReference; lastKnownFileType = sourcecode.swift; path = AddGoalieView.swift; sourceTree = "<group>"; };
		CF0C9FD52BB9E8D300AFE45E /* GameDetailView.swift */ = {isa = PBXFileReference; lastKnownFileType = sourcecode.swift; path = GameDetailView.swift; sourceTree = "<group>"; };
/* End PBXFileReference section */

/* Begin PBXFrameworksBuildPhase section */
		CF0C9FAE2BB592E400AFE45E /* Frameworks */ = {
			isa = PBXFrameworksBuildPhase;
			buildActionMask = 2147483647;
			files = (
			);
			runOnlyForDeploymentPostprocessing = 0;
		};
/* End PBXFrameworksBuildPhase section */

/* Begin PBXGroup section */
		CF0C9FA82BB592E400AFE45E = {
			isa = PBXGroup;
			children = (
				CF0C9FB32BB592E400AFE45E /* Goalie Statistics */,
				CF0C9FB22BB592E400AFE45E /* Products */,
			);
			sourceTree = "<group>";
		};
		CF0C9FB22BB592E400AFE45E /* Products */ = {
			isa = PBXGroup;
			children = (
				CF0C9FB12BB592E400AFE45E /* Goalie Statistics.app */,
			);
			name = Products;
			sourceTree = "<group>";
		};
		CF0C9FB32BB592E400AFE45E /* Goalie Statistics */ = {
			isa = PBXGroup;
			children = (
				CF0C9FB42BB592E400AFE45E /* Goalie_StatisticsApp.swift */,
				CF0C9FCC2BB774CC00AFE45E /* Views */,
				CF0C9FC22BB5934600AFE45E /* Models */,
				CF0C9FC72BB6243B00AFE45E /* Helpers */,
				CF0C9FB82BB592E500AFE45E /* Assets.xcassets */,
				CF0C9FBA2BB592E500AFE45E /* Preview Content */,
			);
			path = "Goalie Statistics";
			sourceTree = "<group>";
		};
		CF0C9FBA2BB592E500AFE45E /* Preview Content */ = {
			isa = PBXGroup;
			children = (
				CF0C9FBB2BB592E500AFE45E /* Preview Assets.xcassets */,
			);
			path = "Preview Content";
			sourceTree = "<group>";
		};
		CF0C9FC22BB5934600AFE45E /* Models */ = {
			isa = PBXGroup;
			children = (
				CF0C9FC32BB5938B00AFE45E /* Goalie.swift */,
				CF0C9FC52BB594EE00AFE45E /* GoalieUpdate.swift */,
			);
			path = Models;
			sourceTree = "<group>";
		};
		CF0C9FC72BB6243B00AFE45E /* Helpers */ = {
			isa = PBXGroup;
			children = (
				CF0C9FC82BB6245900AFE45E /* FontHelper.swift */,
			);
			path = Helpers;
			sourceTree = "<group>";
		};
		CF0C9FCC2BB774CC00AFE45E /* Views */ = {
			isa = PBXGroup;
			children = (
				CF0C9FB62BB592E400AFE45E /* GoalieListView.swift */,
				CF0C9FD02BB846CF00AFE45E /* AddGoalieView.swift */,
				CF0C9FCE2BB7795C00AFE45E /* GoalieCardView.swift */,
				CF0C9FCA2BB774BF00AFE45E /* StatBubbleView.swift */,
				CF0C9FD42BB9E87E00AFE45E /* AddGameDetailView */,
			);
			path = Views;
			sourceTree = "<group>";
		};
		CF0C9FD42BB9E87E00AFE45E /* AddGameDetailView */ = {
			isa = PBXGroup;
			children = (
				CF0C9FD52BB9E8D300AFE45E /* GameDetailView.swift */,
			);
			path = AddGameDetailView;
			sourceTree = "<group>";
		};
/* End PBXGroup section */

/* Begin PBXNativeTarget section */
		CF0C9FB02BB592E400AFE45E /* Goalie Statistics */ = {
			isa = PBXNativeTarget;
			buildConfigurationList = CF0C9FBF2BB592E500AFE45E /* Build configuration list for PBXNativeTarget "Goalie Statistics" */;
			buildPhases = (
				CF0C9FAD2BB592E400AFE45E /* Sources */,
				CF0C9FAE2BB592E400AFE45E /* Frameworks */,
				CF0C9FAF2BB592E400AFE45E /* Resources */,
			);
			buildRules = (
			);
			dependencies = (
			);
			name = "Goalie Statistics";
			productName = "Goalie Statistics";
			productReference = CF0C9FB12BB592E400AFE45E /* Goalie Statistics.app */;
			productType = "com.apple.product-type.application";
		};
/* End PBXNativeTarget section */

/* Begin PBXProject section */
		CF0C9FA92BB592E400AFE45E /* Project object */ = {
			isa = PBXProject;
			attributes = {
				BuildIndependentTargetsInParallel = 1;
				LastSwiftUpdateCheck = 1530;
				LastUpgradeCheck = 1530;
				TargetAttributes = {
					CF0C9FB02BB592E400AFE45E = {
						CreatedOnToolsVersion = 15.3;
					};
				};
			};
			buildConfigurationList = CF0C9FAC2BB592E400AFE45E /* Build configuration list for PBXProject "Goalie Statistics" */;
			compatibilityVersion = "Xcode 14.0";
			developmentRegion = en;
			hasScannedForEncodings = 0;
			knownRegions = (
				en,
				Base,
			);
			mainGroup = CF0C9FA82BB592E400AFE45E;
			productRefGroup = CF0C9FB22BB592E400AFE45E /* Products */;
			projectDirPath = "";
			projectRoot = "";
			targets = (
				CF0C9FB02BB592E400AFE45E /* Goalie Statistics */,
			);
		};
/* End PBXProject section */

/* Begin PBXResourcesBuildPhase section */
		CF0C9FAF2BB592E400AFE45E /* Resources */ = {
			isa = PBXResourcesBuildPhase;
			buildActionMask = 2147483647;
			files = (
				CF0C9FBC2BB592E500AFE45E /* Preview Assets.xcassets in Resources */,
				CF0C9FB92BB592E500AFE45E /* Assets.xcassets in Resources */,
			);
			runOnlyForDeploymentPostprocessing = 0;
		};
/* End PBXResourcesBuildPhase section */

/* Begin PBXSourcesBuildPhase section */
		CF0C9FAD2BB592E400AFE45E /* Sources */ = {
			isa = PBXSourcesBuildPhase;
			buildActionMask = 2147483647;
			files = (
				CF0C9FB72BB592E400AFE45E /* GoalieListView.swift in Sources */,
				CF0C9FC92BB6245900AFE45E /* FontHelper.swift in Sources */,
				CF0C9FC62BB594EE00AFE45E /* GoalieUpdate.swift in Sources */,
				CF0C9FD12BB846CF00AFE45E /* AddGoalieView.swift in Sources */,
				CF0C9FB52BB592E400AFE45E /* Goalie_StatisticsApp.swift in Sources */,
				CF0C9FCB2BB774BF00AFE45E /* StatBubbleView.swift in Sources */,
				CF0C9FD62BB9E8D300AFE45E /* GameDetailView.swift in Sources */,
				CF0C9FC42BB5938B00AFE45E /* Goalie.swift in Sources */,
				CF0C9FCF2BB7795C00AFE45E /* GoalieCardView.swift in Sources */,
			);
			runOnlyForDeploymentPostprocessing = 0;
		};
/* End PBXSourcesBuildPhase section */

/* Begin XCBuildConfiguration section */
		CF0C9FBD2BB592E500AFE45E /* Debug */ = {
			isa = XCBuildConfiguration;
			buildSettings = {
				ALWAYS_SEARCH_USER_PATHS = NO;
				ASSETCATALOG_COMPILER_GENERATE_SWIFT_ASSET_SYMBOL_EXTENSIONS = YES;
				CLANG_ANALYZER_NONNULL = YES;
				CLANG_ANALYZER_NUMBER_OBJECT_CONVERSION = YES_AGGRESSIVE;
				CLANG_CXX_LANGUAGE_STANDARD = "gnu++20";
				CLANG_ENABLE_MODULES = YES;
				CLANG_ENABLE_OBJC_ARC = YES;
				CLANG_ENABLE_OBJC_WEAK = YES;
				CLANG_WARN_BLOCK_CAPTURE_AUTORELEASING = YES;
				CLANG_WARN_BOOL_CONVERSION = YES;
				CLANG_WARN_COMMA = YES;
				CLANG_WARN_CONSTANT_CONVERSION = YES;
				CLANG_WARN_DEPRECATED_OBJC_IMPLEMENTATIONS = YES;
				CLANG_WARN_DIRECT_OBJC_ISA_USAGE = YES_ERROR;
				CLANG_WARN_DOCUMENTATION_COMMENTS = YES;
				CLANG_WARN_EMPTY_BODY = YES;
				CLANG_WARN_ENUM_CONVERSION = YES;
				CLANG_WARN_INFINITE_RECURSION = YES;
				CLANG_WARN_INT_CONVERSION = YES;
				CLANG_WARN_NON_LITERAL_NULL_CONVERSION = YES;
				CLANG_WARN_OBJC_IMPLICIT_RETAIN_SELF = YES;
				CLANG_WARN_OBJC_LITERAL_CONVERSION = YES;
				CLANG_WARN_OBJC_ROOT_CLASS = YES_ERROR;
				CLANG_WARN_QUOTED_INCLUDE_IN_FRAMEWORK_HEADER = YES;
				CLANG_WARN_RANGE_LOOP_ANALYSIS = YES;
				CLANG_WARN_STRICT_PROTOTYPES = YES;
				CLANG_WARN_SUSPICIOUS_MOVE = YES;
				CLANG_WARN_UNGUARDED_AVAILABILITY = YES_AGGRESSIVE;
				CLANG_WARN_UNREACHABLE_CODE = YES;
				CLANG_WARN__DUPLICATE_METHOD_MATCH = YES;
				COPY_PHASE_STRIP = NO;
				DEBUG_INFORMATION_FORMAT = dwarf;
				ENABLE_STRICT_OBJC_MSGSEND = YES;
				ENABLE_TESTABILITY = YES;
				ENABLE_USER_SCRIPT_SANDBOXING = YES;
				GCC_C_LANGUAGE_STANDARD = gnu17;
				GCC_DYNAMIC_NO_PIC = NO;
				GCC_NO_COMMON_BLOCKS = YES;
				GCC_OPTIMIZATION_LEVEL = 0;
				GCC_PREPROCESSOR_DEFINITIONS = (
					"DEBUG=1",
					"$(inherited)",
				);
				GCC_WARN_64_TO_32_BIT_CONVERSION = YES;
				GCC_WARN_ABOUT_RETURN_TYPE = YES_ERROR;
				GCC_WARN_UNDECLARED_SELECTOR = YES;
				GCC_WARN_UNINITIALIZED_AUTOS = YES_AGGRESSIVE;
				GCC_WARN_UNUSED_FUNCTION = YES;
				GCC_WARN_UNUSED_VARIABLE = YES;
				IPHONEOS_DEPLOYMENT_TARGET = 17.4;
				LOCALIZATION_PREFERS_STRING_CATALOGS = YES;
				MTL_ENABLE_DEBUG_INFO = INCLUDE_SOURCE;
				MTL_FAST_MATH = YES;
				ONLY_ACTIVE_ARCH = YES;
				SDKROOT = iphoneos;
				SWIFT_ACTIVE_COMPILATION_CONDITIONS = "DEBUG $(inherited)";
				SWIFT_OPTIMIZATION_LEVEL = "-Onone";
			};
			name = Debug;
		};
		CF0C9FBE2BB592E500AFE45E /* Release */ = {
			isa = XCBuildConfiguration;
			buildSettings = {
				ALWAYS_SEARCH_USER_PATHS = NO;
				ASSETCATALOG_COMPILER_GENERATE_SWIFT_ASSET_SYMBOL_EXTENSIONS = YES;
				CLANG_ANALYZER_NONNULL = YES;
				CLANG_ANALYZER_NUMBER_OBJECT_CONVERSION = YES_AGGRESSIVE;
				CLANG_CXX_LANGUAGE_STANDARD = "gnu++20";
				CLANG_ENABLE_MODULES = YES;
				CLANG_ENABLE_OBJC_ARC = YES;
				CLANG_ENABLE_OBJC_WEAK = YES;
				CLANG_WARN_BLOCK_CAPTURE_AUTORELEASING = YES;
				CLANG_WARN_BOOL_CONVERSION = YES;
				CLANG_WARN_COMMA = YES;
				CLANG_WARN_CONSTANT_CONVERSION = YES;
				CLANG_WARN_DEPRECATED_OBJC_IMPLEMENTATIONS = YES;
				CLANG_WARN_DIRECT_OBJC_ISA_USAGE = YES_ERROR;
				CLANG_WARN_DOCUMENTATION_COMMENTS = YES;
				CLANG_WARN_EMPTY_BODY = YES;
				CLANG_WARN_ENUM_CONVERSION = YES;
				CLANG_WARN_INFINITE_RECURSION = YES;
				CLANG_WARN_INT_CONVERSION = YES;
				CLANG_WARN_NON_LITERAL_NULL_CONVERSION = YES;
				CLANG_WARN_OBJC_IMPLICIT_RETAIN_SELF = YES;
				CLANG_WARN_OBJC_LITERAL_CONVERSION = YES;
				CLANG_WARN_OBJC_ROOT_CLASS = YES_ERROR;
				CLANG_WARN_QUOTED_INCLUDE_IN_FRAMEWORK_HEADER = YES;
				CLANG_WARN_RANGE_LOOP_ANALYSIS = YES;
				CLANG_WARN_STRICT_PROTOTYPES = YES;
				CLANG_WARN_SUSPICIOUS_MOVE = YES;
				CLANG_WARN_UNGUARDED_AVAILABILITY = YES_AGGRESSIVE;
				CLANG_WARN_UNREACHABLE_CODE = YES;
				CLANG_WARN__DUPLICATE_METHOD_MATCH = YES;
				COPY_PHASE_STRIP = NO;
				DEBUG_INFORMATION_FORMAT = "dwarf-with-dsym";
				ENABLE_NS_ASSERTIONS = NO;
				ENABLE_STRICT_OBJC_MSGSEND = YES;
				ENABLE_USER_SCRIPT_SANDBOXING = YES;
				GCC_C_LANGUAGE_STANDARD = gnu17;
				GCC_NO_COMMON_BLOCKS = YES;
				GCC_WARN_64_TO_32_BIT_CONVERSION = YES;
				GCC_WARN_ABOUT_RETURN_TYPE = YES_ERROR;
				GCC_WARN_UNDECLARED_SELECTOR = YES;
				GCC_WARN_UNINITIALIZED_AUTOS = YES_AGGRESSIVE;
				GCC_WARN_UNUSED_FUNCTION = YES;
				GCC_WARN_UNUSED_VARIABLE = YES;
				IPHONEOS_DEPLOYMENT_TARGET = 17.4;
				LOCALIZATION_PREFERS_STRING_CATALOGS = YES;
				MTL_ENABLE_DEBUG_INFO = NO;
				MTL_FAST_MATH = YES;
				SDKROOT = iphoneos;
				SWIFT_COMPILATION_MODE = wholemodule;
				VALIDATE_PRODUCT = YES;
			};
			name = Release;
		};
		CF0C9FC02BB592E500AFE45E /* Debug */ = {
			isa = XCBuildConfiguration;
			buildSettings = {
				ASSETCATALOG_COMPILER_APPICON_NAME = AppIcon;
				ASSETCATALOG_COMPILER_GLOBAL_ACCENT_COLOR_NAME = AccentColor;
				CODE_SIGN_STYLE = Automatic;
				CURRENT_PROJECT_VERSION = 1;
				DEVELOPMENT_ASSET_PATHS = "\"Goalie Statistics/Preview Content\"";
				DEVELOPMENT_TEAM = W8WPL4KZ5T;
				ENABLE_PREVIEWS = YES;
				GENERATE_INFOPLIST_FILE = YES;
				INFOPLIST_KEY_UIApplicationSceneManifest_Generation = YES;
				INFOPLIST_KEY_UIApplicationSupportsIndirectInputEvents = YES;
				INFOPLIST_KEY_UILaunchScreen_Generation = YES;
				INFOPLIST_KEY_UISupportedInterfaceOrientations_iPad = "UIInterfaceOrientationPortrait UIInterfaceOrientationPortraitUpsideDown UIInterfaceOrientationLandscapeLeft UIInterfaceOrientationLandscapeRight";
				INFOPLIST_KEY_UISupportedInterfaceOrientations_iPhone = "UIInterfaceOrientationPortrait UIInterfaceOrientationLandscapeLeft UIInterfaceOrientationLandscapeRight";
				LD_RUNPATH_SEARCH_PATHS = (
					"$(inherited)",
					"@executable_path/Frameworks",
				);
				MARKETING_VERSION = 1.0;
				PRODUCT_BUNDLE_IDENTIFIER = "com.JoeMiehl.Goalie-Statistics";
				PRODUCT_NAME = "$(TARGET_NAME)";
				SWIFT_EMIT_LOC_STRINGS = YES;
				SWIFT_VERSION = 5.0;
				TARGETED_DEVICE_FAMILY = "1,2";
			};
			name = Debug;
		};
		CF0C9FC12BB592E500AFE45E /* Release */ = {
			isa = XCBuildConfiguration;
			buildSettings = {
				ASSETCATALOG_COMPILER_APPICON_NAME = AppIcon;
				ASSETCATALOG_COMPILER_GLOBAL_ACCENT_COLOR_NAME = AccentColor;
				CODE_SIGN_STYLE = Automatic;
				CURRENT_PROJECT_VERSION = 1;
				DEVELOPMENT_ASSET_PATHS = "\"Goalie Statistics/Preview Content\"";
				DEVELOPMENT_TEAM = W8WPL4KZ5T;
				ENABLE_PREVIEWS = YES;
				GENERATE_INFOPLIST_FILE = YES;
				INFOPLIST_KEY_UIApplicationSceneManifest_Generation = YES;
				INFOPLIST_KEY_UIApplicationSupportsIndirectInputEvents = YES;
				INFOPLIST_KEY_UILaunchScreen_Generation = YES;
				INFOPLIST_KEY_UISupportedInterfaceOrientations_iPad = "UIInterfaceOrientationPortrait UIInterfaceOrientationPortraitUpsideDown UIInterfaceOrientationLandscapeLeft UIInterfaceOrientationLandscapeRight";
				INFOPLIST_KEY_UISupportedInterfaceOrientations_iPhone = "UIInterfaceOrientationPortrait UIInterfaceOrientationLandscapeLeft UIInterfaceOrientationLandscapeRight";
				LD_RUNPATH_SEARCH_PATHS = (
					"$(inherited)",
					"@executable_path/Frameworks",
				);
				MARKETING_VERSION = 1.0;
				PRODUCT_BUNDLE_IDENTIFIER = "com.JoeMiehl.Goalie-Statistics";
				PRODUCT_NAME = "$(TARGET_NAME)";
				SWIFT_EMIT_LOC_STRINGS = YES;
				SWIFT_VERSION = 5.0;
				TARGETED_DEVICE_FAMILY = "1,2";
			};
			name = Release;
		};
/* End XCBuildConfiguration section */

/* Begin XCConfigurationList section */
		CF0C9FAC2BB592E400AFE45E /* Build configuration list for PBXProject "Goalie Statistics" */ = {
			isa = XCConfigurationList;
			buildConfigurations = (
				CF0C9FBD2BB592E500AFE45E /* Debug */,
				CF0C9FBE2BB592E500AFE45E /* Release */,
			);
			defaultConfigurationIsVisible = 0;
			defaultConfigurationName = Release;
		};
		CF0C9FBF2BB592E500AFE45E /* Build configuration list for PBXNativeTarget "Goalie Statistics" */ = {
			isa = XCConfigurationList;
			buildConfigurations = (
				CF0C9FC02BB592E500AFE45E /* Debug */,
				CF0C9FC12BB592E500AFE45E /* Release */,
			);
			defaultConfigurationIsVisible = 0;
			defaultConfigurationName = Release;
		};
/* End XCConfigurationList section */
	};
	rootObject = CF0C9FA92BB592E400AFE45E /* Project object */;
}
